{
  "lockfileVersion": 1,
  "workspaces": {
    "": {
      "name": "bun-types-no-globals",
      "devDependencies": {
        "@types/bun": "latest",
        "oxc-parser": "^0.82.3",
        "oxc-walker": "^0.4.0",
        "prettier": "^3.6.2",
        "typescript": "^5.9.2",
      },
    },
  },
  "packages": {
    "@emnapi/core": ["@emnapi/core@1.4.5", "", { "dependencies": { "@emnapi/wasi-threads": "1.0.4", "tslib": "^2.4.0" } }, "sha512-XsLw1dEOpkSX/WucdqUhPWP7hDxSvZiY+fsUC14h+FtQ2Ifni4znbBt8punRX+Uj2JG/uDb8nEHVKvrVlvdZ5Q=="],

    "@emnapi/runtime": ["@emnapi/runtime@1.4.5", "", { "dependencies": { "tslib": "^2.4.0" } }, "sha512-++LApOtY0pEEz1zrd9vy1/zXVaVJJ/EbAF3u0fXIzPJEDtnITsBGbbK0EkM72amhl/R5b+5xx0Y/QhcVOpuulg=="],

    "@emnapi/wasi-threads": ["@emnapi/wasi-threads@1.0.4", "", { "dependencies": { "tslib": "^2.4.0" } }, "sha512-PJR+bOmMOPH8AtcTGAyYNiuJ3/Fcoj2XN/gBEWzDIKh254XO+mM9XoXHk5GNEhodxeMznbg7BlRojVbKN+gC6g=="],

    "@jridgewell/gen-mapping": ["@jridgewell/gen-mapping@0.3.13", "", { "dependencies": { "@jridgewell/sourcemap-codec": "^1.5.0", "@jridgewell/trace-mapping": "^0.3.24" } }, "sha512-2kkt/7niJ6MgEPxF0bYdQ6etZaA+fQvDcLKckhy1yIQOzaoKjBBjSj63/aLVjYE3qhRt5dvM+uUyfCg6UKCBbA=="],

    "@jridgewell/remapping": ["@jridgewell/remapping@2.3.5", "", { "dependencies": { "@jridgewell/gen-mapping": "^0.3.5", "@jridgewell/trace-mapping": "^0.3.24" } }, "sha512-LI9u/+laYG4Ds1TDKSJW2YPrIlcVYOwi2fUC6xB43lueCjgxV4lffOCZCtYFiH6TNOX+tQKXx97T4IKHbhyHEQ=="],

    "@jridgewell/resolve-uri": ["@jridgewell/resolve-uri@3.1.2", "", {}, "sha512-bRISgCIjP20/tbWSPWMEi54QVPRZExkuD9lJL+UIxUKtwVJA8wW1Trb1jMs1RFXo1CBTNZ/5hpC9QvmKWdopKw=="],

    "@jridgewell/sourcemap-codec": ["@jridgewell/sourcemap-codec@1.5.5", "", {}, "sha512-cYQ9310grqxueWbl+WuIUIaiUaDcj7WOq5fVhEljNVgRfOUhY9fy2zTvfoqWsnebh8Sl70VScFbICvJnLKB0Og=="],

    "@jridgewell/trace-mapping": ["@jridgewell/trace-mapping@0.3.30", "", { "dependencies": { "@jridgewell/resolve-uri": "^3.1.0", "@jridgewell/sourcemap-codec": "^1.4.14" } }, "sha512-GQ7Nw5G2lTu/BtHTKfXhKHok2WGetd4XYcVKGx00SjAk8GMwgJM3zr6zORiPGuOE+/vkc90KtTosSSvaCjKb2Q=="],

    "@napi-rs/wasm-runtime": ["@napi-rs/wasm-runtime@1.0.3", "", { "dependencies": { "@emnapi/core": "^1.4.5", "@emnapi/runtime": "^1.4.5", "@tybys/wasm-util": "^0.10.0" } }, "sha512-rZxtMsLwjdXkMUGC3WwsPwLNVqVqnTJT6MNIB6e+5fhMcSCPP0AOsNWuMQ5mdCq6HNjs/ZeWAEchpqeprqBD2Q=="],

    "@oxc-parser/binding-android-arm64": ["@oxc-parser/binding-android-arm64@0.82.3", "", { "os": "android", "cpu": "arm64" }, "sha512-hU9TSCa/dmYx0UCQyH+b9iONRGv5cfnvoSMKFf0v9xNwqlQu7mEil4po1d0a3Yjb7YyI9mz6e6bfg0XcjbMdBg=="],

    "@oxc-parser/binding-darwin-arm64": ["@oxc-parser/binding-darwin-arm64@0.82.3", "", { "os": "darwin", "cpu": "arm64" }, "sha512-LjBFMUtYYGZyA2g3+ajNPcn6RwsBoDbKELSf/pwVNCWHmAQwptw8zRc4VVDnBqANvkjmoe7MSp6TqKGi359/rw=="],

    "@oxc-parser/binding-darwin-x64": ["@oxc-parser/binding-darwin-x64@0.82.3", "", { "os": "darwin", "cpu": "x64" }, "sha512-/d4uUlq2F3S0lwXnMjcGWkFUgZsPT/urypIQKFuumXbf9cHsy4bnkRDLL67+KpQ373R9boOEH+yUBYrLE9+LxA=="],

    "@oxc-parser/binding-freebsd-x64": ["@oxc-parser/binding-freebsd-x64@0.82.3", "", { "os": "freebsd", "cpu": "x64" }, "sha512-H8wJ8LNrRAZ1Q75r+bnEn79pPAq8zQKnbE5+mWu9Xq5qcaQ6l/ZgjdamjvK05hZZXicCV5xji315f+OKK2BayQ=="],

    "@oxc-parser/binding-linux-arm-gnueabihf": ["@oxc-parser/binding-linux-arm-gnueabihf@0.82.3", "", { "os": "linux", "cpu": "arm" }, "sha512-iomV7aBUubRHcsLkEnl8ORsPc2yIRfB4AD6N9KweUUZMEAiNFjS5DU83NcdmkMajejWqCNczzeFIyBkyRkptDw=="],

    "@oxc-parser/binding-linux-arm-musleabihf": ["@oxc-parser/binding-linux-arm-musleabihf@0.82.3", "", { "os": "linux", "cpu": "arm" }, "sha512-DUZT8W//2MwQCbz7XSFSp/F4qwIq5ZSZVcLp/G++4Fo38ERzc8CvcQHiHOJXKY68BHHlBrkGp81RjhvWiRUJVw=="],

    "@oxc-parser/binding-linux-arm64-gnu": ["@oxc-parser/binding-linux-arm64-gnu@0.82.3", "", { "os": "linux", "cpu": "arm64" }, "sha512-p66Mlm9ZpraOf1YyyJTIlastfDWMr4For132Ns8iT4AWc1L+Ml4hJew5x/5Y0HXw6zX5q290FvHfWMIh499hxg=="],

    "@oxc-parser/binding-linux-arm64-musl": ["@oxc-parser/binding-linux-arm64-musl@0.82.3", "", { "os": "linux", "cpu": "arm64" }, "sha512-eTeubc6GaGSGa09s9vffbg3Nxve4okUe79UQAd/vXPCPaGcbC/3VXoMutEjRyewOEEXihdYzggxa3v9yv7bNoA=="],

    "@oxc-parser/binding-linux-riscv64-gnu": ["@oxc-parser/binding-linux-riscv64-gnu@0.82.3", "", { "os": "linux", "cpu": "none" }, "sha512-gOLpW5RZLajzc/PfPBxYGLLQu9ErBJBZSboBpDafP1Vv8t/vmwEr0WA95oxPdFo0lMl2xkjcVNbOiVQA70U56Q=="],

    "@oxc-parser/binding-linux-s390x-gnu": ["@oxc-parser/binding-linux-s390x-gnu@0.82.3", "", { "os": "linux", "cpu": "s390x" }, "sha512-K8FiSCsjUxwo5uKIlwoQd8Dgtvjplk1fYXLnU4CKH0BxWVihf34NQ3DCyELMjAOhyrslfih5cWULIyKOdWSUqw=="],

    "@oxc-parser/binding-linux-x64-gnu": ["@oxc-parser/binding-linux-x64-gnu@0.82.3", "", { "os": "linux", "cpu": "x64" }, "sha512-/n13gpaEWlDHGWExq5lfZpvxKkA2w+zWA79C13F4yVskEzfZSk1x6dTBrkGSf3pFAUFHtzrlT/LPHiUyMJt5Tg=="],

    "@oxc-parser/binding-linux-x64-musl": ["@oxc-parser/binding-linux-x64-musl@0.82.3", "", { "os": "linux", "cpu": "x64" }, "sha512-P6eBYtOmAP0uihOeteOzXwAS4s5FB79gt1THYEMBGNe482PPhesqEXyq5jFCwBzpM1QKg7xG7N+EC+ZUktXOTg=="],

    "@oxc-parser/binding-wasm32-wasi": ["@oxc-parser/binding-wasm32-wasi@0.82.3", "", { "dependencies": { "@napi-rs/wasm-runtime": "^1.0.3" }, "cpu": "none" }, "sha512-oFL0vJfrR7Qkj+n3q9MQhqOsaWGiDg4B1Ch/mJMZGXJAkZ1dnYKQWLVymJkWsl4Ydgs82h6L20mX2IthbF0wHQ=="],

    "@oxc-parser/binding-win32-arm64-msvc": ["@oxc-parser/binding-win32-arm64-msvc@0.82.3", "", { "os": "win32", "cpu": "arm64" }, "sha512-2t3j5pWgL7ZWj/3Q1aiUBnH79oAzQO+KOM5tTVawIWpsHFqsuGEL5ckikap1JczHaugAaEvc067ihTjpSDoXVA=="],

    "@oxc-parser/binding-win32-x64-msvc": ["@oxc-parser/binding-win32-x64-msvc@0.82.3", "", { "os": "win32", "cpu": "x64" }, "sha512-MeMOFDIZ3vSZyjgjSkWKb/zdRc4eSwK0kUl5OmysjRIIyIK7LEFLpuk7R+Of4nUGYAQNRHyC8BcMJKO2OLBeqA=="],

    "@oxc-project/types": ["@oxc-project/types@0.82.3", "", {}, "sha512-6nCUxBnGX0c6qfZW5MaF6/fmu5dHJDMiMPaioKHKs5mi5+8/FHQ7WGjgQIz1zxpmceMYfdIXkOaLYE+ejbuOtA=="],

    "@tybys/wasm-util": ["@tybys/wasm-util@0.10.0", "", { "dependencies": { "tslib": "^2.4.0" } }, "sha512-VyyPYFlOMNylG45GoAe0xDoLwWuowvf92F9kySqzYh8vmYm7D2u4iUJKa1tOUpS70Ku13ASrOkS4ScXFsTaCNQ=="],

    "@types/bun": ["@types/bun@1.2.20", "", { "dependencies": { "bun-types": "1.2.20" } }, "sha512-dX3RGzQ8+KgmMw7CsW4xT5ITBSCrSbfHc36SNT31EOUg/LA9JWq0VDdEXDRSe1InVWpd2yLUM1FUF/kEOyTzYA=="],

    "@types/estree": ["@types/estree@1.0.8", "", {}, "sha512-dWHzHa2WqEXI/O1E9OjrocMTKJl2mSrEolh1Iomrv6U+JuNwaHXsXx9bLu5gG7BUWFIN0skIQJQ/L1rIex4X6w=="],

    "@types/node": ["@types/node@24.3.0", "", { "dependencies": { "undici-types": "~7.10.0" } }, "sha512-aPTXCrfwnDLj4VvXrm+UUCQjNEvJgNA8s5F1cvwQU+3KNltTOkBm1j30uNLyqqPNe7gE3KFzImYoZEfLhp4Yow=="],

    "@types/react": ["@types/react@19.1.10", "", { "dependencies": { "csstype": "^3.0.2" } }, "sha512-EhBeSYX0Y6ye8pNebpKrwFJq7BoQ8J5SO6NlvNwwHjSj6adXJViPQrKlsyPw7hLBLvckEMO1yxeGdR82YBBlDg=="],

    "acorn": ["acorn@8.15.0", "", { "bin": { "acorn": "bin/acorn" } }, "sha512-NZyJarBfL7nWwIq+FDL6Zp/yHEhePMNnnJ0y3qfieCrmNvYct8uvtiV41UvlSe6apAfk0fY1FbWx+NwfmpvtTg=="],

    "bun-types": ["bun-types@1.2.20", "", { "dependencies": { "@types/node": "*" }, "peerDependencies": { "@types/react": "^19" } }, "sha512-pxTnQYOrKvdOwyiyd/7sMt9yFOenN004Y6O4lCcCUoKVej48FS5cvTw9geRaEcB9TsDZaJKAxPTVvi8tFsVuXA=="],

    "confbox": ["confbox@0.1.8", "", {}, "sha512-RMtmw0iFkeR4YV+fUOSucriAQNb9g8zFR52MWCtl+cCZOFRNL6zeB395vPzFhEjjn4fMxXudmELnl/KF/WrK6w=="],

    "csstype": ["csstype@3.1.3", "", {}, "sha512-M1uQkMl8rQK/szD0LNhtqxIPLpimGm8sOBwU7lLnCpSbTyY3yeU1Vc7l4KT5zT4s/yOxHH5O7tIuuLOCnLADRw=="],

    "estree-walker": ["estree-walker@3.0.3", "", { "dependencies": { "@types/estree": "^1.0.0" } }, "sha512-7RUKfXgSMMkzt6ZuXmqapOurLGPPfgj6l9uRZ7lRGolvk0y2yocc35LdcxKC5PQZdn2DMqioAQ2NoWcrTKmm6g=="],

    "magic-regexp": ["magic-regexp@0.10.0", "", { "dependencies": { "estree-walker": "^3.0.3", "magic-string": "^0.30.12", "mlly": "^1.7.2", "regexp-tree": "^0.1.27", "type-level-regexp": "~0.1.17", "ufo": "^1.5.4", "unplugin": "^2.0.0" } }, "sha512-Uly1Bu4lO1hwHUW0CQeSWuRtzCMNO00CmXtS8N6fyvB3B979GOEEeAkiTUDsmbYLAbvpUS/Kt5c4ibosAzVyVg=="],

    "magic-string": ["magic-string@0.30.18", "", { "dependencies": { "@jridgewell/sourcemap-codec": "^1.5.5" } }, "sha512-yi8swmWbO17qHhwIBNeeZxTceJMeBvWJaId6dyvTSOwTipqeHhMhOrz6513r1sOKnpvQ7zkhlG8tPrpilwTxHQ=="],

    "mlly": ["mlly@1.7.4", "", { "dependencies": { "acorn": "^8.14.0", "pathe": "^2.0.1", "pkg-types": "^1.3.0", "ufo": "^1.5.4" } }, "sha512-qmdSIPC4bDJXgZTCR7XosJiNKySV7O215tsPtDN9iEO/7q/76b/ijtgRu/+epFXSJhijtTCCGp3DWS549P3xKw=="],

    "oxc-parser": ["oxc-parser@0.82.3", "", { "dependencies": { "@oxc-project/types": "^0.82.3" }, "optionalDependencies": { "@oxc-parser/binding-android-arm64": "0.82.3", "@oxc-parser/binding-darwin-arm64": "0.82.3", "@oxc-parser/binding-darwin-x64": "0.82.3", "@oxc-parser/binding-freebsd-x64": "0.82.3", "@oxc-parser/binding-linux-arm-gnueabihf": "0.82.3", "@oxc-parser/binding-linux-arm-musleabihf": "0.82.3", "@oxc-parser/binding-linux-arm64-gnu": "0.82.3", "@oxc-parser/binding-linux-arm64-musl": "0.82.3", "@oxc-parser/binding-linux-riscv64-gnu": "0.82.3", "@oxc-parser/binding-linux-s390x-gnu": "0.82.3", "@oxc-parser/binding-linux-x64-gnu": "0.82.3", "@oxc-parser/binding-linux-x64-musl": "0.82.3", "@oxc-parser/binding-wasm32-wasi": "0.82.3", "@oxc-parser/binding-win32-arm64-msvc": "0.82.3", "@oxc-parser/binding-win32-x64-msvc": "0.82.3" } }, "sha512-mJGrcrzaPYfCJwXsqPRJ8yeS3/Brn0qpt8jq7tPg3B7n3VSvKuKYhXhC0gBFQ+aIa9TdttdR/NWGh48lvUodjg=="],

    "oxc-walker": ["oxc-walker@0.4.0", "", { "dependencies": { "estree-walker": "^3.0.3", "magic-regexp": "^0.10.0" }, "peerDependencies": { "oxc-parser": ">=0.72.0" } }, "sha512-x5TJAZQD3kRnRBGZ+8uryMZUwkTYddwzBftkqyJIcmpBOXmoK/fwriRKATjZroR2d+aS7+2w1B0oz189bBTwfw=="],

    "pathe": ["pathe@2.0.3", "", {}, "sha512-WUjGcAqP1gQacoQe+OBJsFA7Ld4DyXuUIjZ5cc75cLHvJ7dtNsTugphxIADwspS+AraAUePCKrSVtPLFj/F88w=="],

    "picomatch": ["picomatch@4.0.3", "", {}, "sha512-5gTmgEY/sqK6gFXLIsQNH19lWb4ebPDLA4SdLP7dsWkIXHWlG66oPuVvXSGFPppYZz8ZDZq0dYYrbHfBCVUb1Q=="],

    "pkg-types": ["pkg-types@1.3.1", "", { "dependencies": { "confbox": "^0.1.8", "mlly": "^1.7.4", "pathe": "^2.0.1" } }, "sha512-/Jm5M4RvtBFVkKWRu2BLUTNP8/M2a+UwuAX+ae4770q1qVGtfjG+WTCupoZixokjmHiry8uI+dlY8KXYV5HVVQ=="],

    "prettier": ["prettier@3.6.2", "", { "bin": { "prettier": "bin/prettier.cjs" } }, "sha512-I7AIg5boAr5R0FFtJ6rCfD+LFsWHp81dolrFD8S79U9tb8Az2nGrJncnMSnys+bpQJfRUzqs9hnA81OAA3hCuQ=="],

    "regexp-tree": ["regexp-tree@0.1.27", "", { "bin": { "regexp-tree": "bin/regexp-tree" } }, "sha512-iETxpjK6YoRWJG5o6hXLwvjYAoW+FEZn9os0PD/b6AP6xQwsa/Y7lCVgIixBbUPMfhu+i2LtdeAqVTgGlQarfA=="],

    "tslib": ["tslib@2.8.1", "", {}, "sha512-oJFu94HQb+KVduSUQL7wnpmqnfmLsOA/nAh6b6EH0wCEoK0/mPeXU6c3wKDV83MkOuHPRHtSXKKU99IBazS/2w=="],

    "type-level-regexp": ["type-level-regexp@0.1.17", "", {}, "sha512-wTk4DH3cxwk196uGLK/E9pE45aLfeKJacKmcEgEOA/q5dnPGNxXt0cfYdFxb57L+sEpf1oJH4Dnx/pnRcku9jg=="],

    "typescript": ["typescript@5.9.2", "", { "bin": { "tsc": "bin/tsc", "tsserver": "bin/tsserver" } }, "sha512-CWBzXQrc/qOkhidw1OzBTQuYRbfyxDXJMVJ1XNwUHGROVmuaeiEm3OslpZ1RV96d7SKKjZKrSJu3+t/xlw3R9A=="],

    "ufo": ["ufo@1.6.1", "", {}, "sha512-9a4/uxlTWJ4+a5i0ooc1rU7C7YOw3wT+UGqdeNNHWnOF9qcMBgLRS+4IYUqbczewFx4mLEig6gawh7X6mFlEkA=="],

    "undici-types": ["undici-types@7.10.0", "", {}, "sha512-t5Fy/nfn+14LuOc2KNYg75vZqClpAiqscVvMygNnlsHBFpSXdJaYtXMcdNLpl/Qvc3P2cB3s6lOV51nqsFq4ag=="],

    "unplugin": ["unplugin@2.3.8", "", { "dependencies": { "@jridgewell/remapping": "^2.3.5", "acorn": "^8.15.0", "picomatch": "^4.0.3", "webpack-virtual-modules": "^0.6.2" } }, "sha512-lkaSIlxceytPyt9yfb1h7L9jDFqwMqvUZeGsKB7Z8QrvAO3xZv2S+xMQQYzxk0AGJHcQhbcvhKEstrMy99jnuQ=="],

    "webpack-virtual-modules": ["webpack-virtual-modules@0.6.2", "", {}, "sha512-66/V2i5hQanC51vBQKPH4aI8NMAcBW59FVBs+rC7eGHupMyfn34q7rZIE+ETlJ+XTevqfUhVVBgSUNSW2flEUQ=="],
  }
}
